// !$*UTF8*$!
{
	archiveVersion = 1;
	classes = {
	};
	objectVersion = 56;
	objects = {

/* Begin PBXBuildFile section */
		BE1EEF8B2A22212E006898FC /* beaconApp.swift in Sources */ = {isa = PBXBuildFile; fileRef = BE1EEF8A2A22212E006898FC /* beaconApp.swift */; };
		BE1EEF8D2A22212E006898FC /* ContentView.swift in Sources */ = {isa = PBXBuildFile; fileRef = BE1EEF8C2A22212E006898FC /* ContentView.swift */; };
		BE1EEF8F2A22212F006898FC /* Assets.xcassets in Resources */ = {isa = PBXBuildFile; fileRef = BE1EEF8E2A22212F006898FC /* Assets.xcassets */; };
		BE1EEF922A22212F006898FC /* Preview Assets.xcassets in Resources */ = {isa = PBXBuildFile; fileRef = BE1EEF912A22212F006898FC /* Preview Assets.xcassets */; };
		BE1EEF9C2A22212F006898FC /* beaconTests.swift in Sources */ = {isa = PBXBuildFile; fileRef = BE1EEF9B2A22212F006898FC /* beaconTests.swift */; };
		BE1EEFA62A22212F006898FC /* beaconUITests.swift in Sources */ = {isa = PBXBuildFile; fileRef = BE1EEFA52A22212F006898FC /* beaconUITests.swift */; };
		BE1EEFA82A22212F006898FC /* beaconUITestsLaunchTests.swift in Sources */ = {isa = PBXBuildFile; fileRef = BE1EEFA72A22212F006898FC /* beaconUITestsLaunchTests.swift */; };
/* End PBXBuildFile section */

/* Begin PBXContainerItemProxy section */
		BE1EEF982A22212F006898FC /* PBXContainerItemProxy */ = {
			isa = PBXContainerItemProxy;
			containerPortal = BE1EEF7F2A22212E006898FC /* Project object */;
			proxyType = 1;
			remoteGlobalIDString = BE1EEF862A22212E006898FC;
			remoteInfo = beacon;
		};
		BE1EEFA22A22212F006898FC /* PBXContainerItemProxy */ = {
			isa = PBXContainerItemProxy;
			containerPortal = BE1EEF7F2A22212E006898FC /* Project object */;
			proxyType = 1;
			remoteGlobalIDString = BE1EEF862A22212E006898FC;
			remoteInfo = beacon;
		};
/* End PBXContainerItemProxy section */

/* Begin PBXFileReference section */
		BE1EEF872A22212E006898FC /* beacon.app */ = {isa = PBXFileReference; explicitFileType = wrapper.application; includeInIndex = 0; path = beacon.app; sourceTree = BUILT_PRODUCTS_DIR; };
		BE1EEF8A2A22212E006898FC /* beaconApp.swift */ = {isa = PBXFileReference; lastKnownFileType = sourcecode.swift; path = beaconApp.swift; sourceTree = "<group>"; };
		BE1EEF8C2A22212E006898FC /* ContentView.swift */ = {isa = PBXFileReference; lastKnownFileType = sourcecode.swift; path = ContentView.swift; sourceTree = "<group>"; };
		BE1EEF8E2A22212F006898FC /* Assets.xcassets */ = {isa = PBXFileReference; lastKnownFileType = folder.assetcatalog; path = Assets.xcassets; sourceTree = "<group>"; };
		BE1EEF912A22212F006898FC /* Preview Assets.xcassets */ = {isa = PBXFileReference; lastKnownFileType = folder.assetcatalog; path = "Preview Assets.xcassets"; sourceTree = "<group>"; };
		BE1EEF972A22212F006898FC /* beaconTests.xctest */ = {isa = PBXFileReference; explicitFileType = wrapper.cfbundle; includeInIndex = 0; path = beaconTests.xctest; sourceTree = BUILT_PRODUCTS_DIR; };
		BE1EEF9B2A22212F006898FC /* beaconTests.swift */ = {isa = PBXFileReference; lastKnownFileType = sourcecode.swift; path = beaconTests.swift; sourceTree = "<group>"; };
		BE1EEFA12A22212F006898FC /* beaconUITests.xctest */ = {isa = PBXFileReference; explicitFileType = wrapper.cfbundle; includeInIndex = 0; path = beaconUITests.xctest; sourceTree = BUILT_PRODUCTS_DIR; };
		BE1EEFA52A22212F006898FC /* beaconUITests.swift */ = {isa = PBXFileReference; lastKnownFileType = sourcecode.swift; path = beaconUITests.swift; sourceTree = "<group>"; };
		BE1EEFA72A22212F006898FC /* beaconUITestsLaunchTests.swift */ = {isa = PBXFileReference; lastKnownFileType = sourcecode.swift; path = beaconUITestsLaunchTests.swift; sourceTree = "<group>"; };
/* End PBXFileReference section */

/* Begin PBXFrameworksBuildPhase section */
		BE1EEF842A22212E006898FC /* Frameworks */ = {
			isa = PBXFrameworksBuildPhase;
			buildActionMask = 2147483647;
			files = (
			);
			runOnlyForDeploymentPostprocessing = 0;
		};
		BE1EEF942A22212F006898FC /* Frameworks */ = {
			isa = PBXFrameworksBuildPhase;
			buildActionMask = 2147483647;
			files = (
			);
			runOnlyForDeploymentPostprocessing = 0;
		};
		BE1EEF9E2A22212F006898FC /* Frameworks */ = {
			isa = PBXFrameworksBuildPhase;
			buildActionMask = 2147483647;
			files = (
			);
			runOnlyForDeploymentPostprocessing = 0;
		};
/* End PBXFrameworksBuildPhase section */

/* Begin PBXGroup section */
		BE1EEF7E2A22212E006898FC = {
			isa = PBXGroup;
			children = (
				BE1EEF892A22212E006898FC /* beacon */,
				BE1EEF9A2A22212F006898FC /* beaconTests */,
				BE1EEFA42A22212F006898FC /* beaconUITests */,
				BE1EEF882A22212E006898FC /* Products */,
			);
			sourceTree = "<group>";
		};
		BE1EEF882A22212E006898FC /* Products */ = {
			isa = PBXGroup;
			children = (
				BE1EEF872A22212E006898FC /* beacon.app */,
				BE1EEF972A22212F006898FC /* beaconTests.xctest */,
				BE1EEFA12A22212F006898FC /* beaconUITests.xctest */,
			);
			name = Products;
			sourceTree = "<group>";
		};
		BE1EEF892A22212E006898FC /* beacon */ = {
			isa = PBXGroup;
			children = (
				BE1EEF8A2A22212E006898FC /* beaconApp.swift */,
				BE1EEF8C2A22212E006898FC /* ContentView.swift */,
				BE1EEF8E2A22212F006898FC /* Assets.xcassets */,
				BE1EEF902A22212F006898FC /* Preview Content */,
			);
			path = beacon;
			sourceTree = "<group>";
		};
		BE1EEF902A22212F006898FC /* Preview Content */ = {
			isa = PBXGroup;
			children = (
				BE1EEF912A22212F006898FC /* Preview Assets.xcassets */,
			);
			path = "Preview Content";
			sourceTree = "<group>";
		};
		BE1EEF9A2A22212F006898FC /* beaconTests */ = {
			isa = PBXGroup;
			children = (
				BE1EEF9B2A22212F006898FC /* beaconTests.swift */,
			);
			path = beaconTests;
			sourceTree = "<group>";
		};
		BE1EEFA42A22212F006898FC /* beaconUITests */ = {
			isa = PBXGroup;
			children = (
				BE1EEFA52A22212F006898FC /* beaconUITests.swift */,
				BE1EEFA72A22212F006898FC /* beaconUITestsLaunchTests.swift */,
			);
			path = beaconUITests;
			sourceTree = "<group>";
		};
/* End PBXGroup section */

/* Begin PBXNativeTarget section */
		BE1EEF862A22212E006898FC /* beacon */ = {
			isa = PBXNativeTarget;
			buildConfigurationList = BE1EEFAB2A22212F006898FC /* Build configuration list for PBXNativeTarget "beacon" */;
			buildPhases = (
				BE1EEF832A22212E006898FC /* Sources */,
				BE1EEF842A22212E006898FC /* Frameworks */,
				BE1EEF852A22212E006898FC /* Resources */,
			);
			buildRules = (
			);
			dependencies = (
			);
			name = beacon;
			productName = beacon;
			productReference = BE1EEF872A22212E006898FC /* beacon.app */;
			productType = "com.apple.product-type.application";
		};
		BE1EEF962A22212F006898FC /* beaconTests */ = {
			isa = PBXNativeTarget;
			buildConfigurationList = BE1EEFAE2A22212F006898FC /* Build configuration list for PBXNativeTarget "beaconTests" */;
			buildPhases = (
				BE1EEF932A22212F006898FC /* Sources */,
				BE1EEF942A22212F006898FC /* Frameworks */,
				BE1EEF952A22212F006898FC /* Resources */,
			);
			buildRules = (
			);
			dependencies = (
				BE1EEF992A22212F006898FC /* PBXTargetDependency */,
			);
			name = beaconTests;
			productName = beaconTests;
			productReference = BE1EEF972A22212F006898FC /* beaconTests.xctest */;
			productType = "com.apple.product-type.bundle.unit-test";
		};
		BE1EEFA02A22212F006898FC /* beaconUITests */ = {
			isa = PBXNativeTarget;
			buildConfigurationList = BE1EEFB12A22212F006898FC /* Build configuration list for PBXNativeTarget "beaconUITests" */;
			buildPhases = (
				BE1EEF9D2A22212F006898FC /* Sources */,
				BE1EEF9E2A22212F006898FC /* Frameworks */,
				BE1EEF9F2A22212F006898FC /* Resources */,
			);
			buildRules = (
			);
			dependencies = (
				BE1EEFA32A22212F006898FC /* PBXTargetDependency */,
			);
			name = beaconUITests;
			productName = beaconUITests;
			productReference = BE1EEFA12A22212F006898FC /* beaconUITests.xctest */;
			productType = "com.apple.product-type.bundle.ui-testing";
		};
/* End PBXNativeTarget section */

/* Begin PBXProject section */
		BE1EEF7F2A22212E006898FC /* Project object */ = {
			isa = PBXProject;
			attributes = {
				BuildIndependentTargetsInParallel = 1;
				LastSwiftUpdateCheck = 1430;
				LastUpgradeCheck = 1430;
				TargetAttributes = {
					BE1EEF862A22212E006898FC = {
						CreatedOnToolsVersion = 14.3;
					};
					BE1EEF962A22212F006898FC = {
						CreatedOnToolsVersion = 14.3;
						TestTargetID = BE1EEF862A22212E006898FC;
					};
					BE1EEFA02A22212F006898FC = {
						CreatedOnToolsVersion = 14.3;
						TestTargetID = BE1EEF862A22212E006898FC;
					};
				};
			};
			buildConfigurationList = BE1EEF822A22212E006898FC /* Build configuration list for PBXProject "beacon" */;
			compatibilityVersion = "Xcode 14.0";
			developmentRegion = en;
			hasScannedForEncodings = 0;
			knownRegions = (
				en,
				Base,
			);
			mainGroup = BE1EEF7E2A22212E006898FC;
			productRefGroup = BE1EEF882A22212E006898FC /* Products */;
			projectDirPath = "";
			projectRoot = "";
			targets = (
				BE1EEF862A22212E006898FC /* beacon */,
				BE1EEF962A22212F006898FC /* beaconTests */,
				BE1EEFA02A22212F006898FC /* beaconUITests */,
			);
		};
/* End PBXProject section */

/* Begin PBXResourcesBuildPhase section */
		BE1EEF852A22212E006898FC /* Resources */ = {
			isa = PBXResourcesBuildPhase;
			buildActionMask = 2147483647;
			files = (
				BE1EEF922A22212F006898FC /* Preview Assets.xcassets in Resources */,
				BE1EEF8F2A22212F006898FC /* Assets.xcassets in Resources */,
			);
			runOnlyForDeploymentPostprocessing = 0;
		};
		BE1EEF952A22212F006898FC /* Resources */ = {
			isa = PBXResourcesBuildPhase;
			buildActionMask = 2147483647;
			files = (
			);
			runOnlyForDeploymentPostprocessing = 0;
		};
		BE1EEF9F2A22212F006898FC /* Resources */ = {
			isa = PBXResourcesBuildPhase;
			buildActionMask = 2147483647;
			files = (
			);
			runOnlyForDeploymentPostprocessing = 0;
		};
/* End PBXResourcesBuildPhase section */

/* Begin PBXSourcesBuildPhase section */
		BE1EEF832A22212E006898FC /* Sources */ = {
			isa = PBXSourcesBuildPhase;
			buildActionMask = 2147483647;
			files = (
				BE1EEF8D2A22212E006898FC /* ContentView.swift in Sources */,
				BE1EEF8B2A22212E006898FC /* beaconApp.swift in Sources */,
			);
			runOnlyForDeploymentPostprocessing = 0;
		};
		BE1EEF932A22212F006898FC /* Sources */ = {
			isa = PBXSourcesBuildPhase;
			buildActionMask = 2147483647;
			files = (
				BE1EEF9C2A22212F006898FC /* beaconTests.swift in Sources */,
			);
			runOnlyForDeploymentPostprocessing = 0;
		};
		BE1EEF9D2A22212F006898FC /* Sources */ = {
			isa = PBXSourcesBuildPhase;
			buildActionMask = 2147483647;
			files = (
				BE1EEFA82A22212F006898FC /* beaconUITestsLaunchTests.swift in Sources */,
				BE1EEFA62A22212F006898FC /* beaconUITests.swift in Sources */,
			);
			runOnlyForDeploymentPostprocessing = 0;
		};
/* End PBXSourcesBuildPhase section */

/* Begin PBXTargetDependency section */
		BE1EEF992A22212F006898FC /* PBXTargetDependency */ = {
			isa = PBXTargetDependency;
			target = BE1EEF862A22212E006898FC /* beacon */;
			targetProxy = BE1EEF982A22212F006898FC /* PBXContainerItemProxy */;
		};
		BE1EEFA32A22212F006898FC /* PBXTargetDependency */ = {
			isa = PBXTargetDependency;
			target = BE1EEF862A22212E006898FC /* beacon */;
			targetProxy = BE1EEFA22A22212F006898FC /* PBXContainerItemProxy */;
		};
/* End PBXTargetDependency section */

/* Begin XCBuildConfiguration section */
		BE1EEFA92A22212F006898FC /* Debug */ = {
			isa = XCBuildConfiguration;
			buildSettings = {
				ALWAYS_SEARCH_USER_PATHS = NO;
				CLANG_ANALYZER_NONNULL = YES;
				CLANG_ANALYZER_NUMBER_OBJECT_CONVERSION = YES_AGGRESSIVE;
				CLANG_CXX_LANGUAGE_STANDARD = "gnu++20";
				CLANG_ENABLE_MODULES = YES;
				CLANG_ENABLE_OBJC_ARC = YES;
				CLANG_ENABLE_OBJC_WEAK = YES;
				CLANG_WARN_BLOCK_CAPTURE_AUTORELEASING = YES;
				CLANG_WARN_BOOL_CONVERSION = YES;
				CLANG_WARN_COMMA = YES;
				CLANG_WARN_CONSTANT_CONVERSION = YES;
				CLANG_WARN_DEPRECATED_OBJC_IMPLEMENTATIONS = YES;
				CLANG_WARN_DIRECT_OBJC_ISA_USAGE = YES_ERROR;
				CLANG_WARN_DOCUMENTATION_COMMENTS = YES;
				CLANG_WARN_EMPTY_BODY = YES;
				CLANG_WARN_ENUM_CONVERSION = YES;
				CLANG_WARN_INFINITE_RECURSION = YES;
				CLANG_WARN_INT_CONVERSION = YES;
				CLANG_WARN_NON_LITERAL_NULL_CONVERSION = YES;
				CLANG_WARN_OBJC_IMPLICIT_RETAIN_SELF = YES;
				CLANG_WARN_OBJC_LITERAL_CONVERSION = YES;
				CLANG_WARN_OBJC_ROOT_CLASS = YES_ERROR;
				CLANG_WARN_QUOTED_INCLUDE_IN_FRAMEWORK_HEADER = YES;
				CLANG_WARN_RANGE_LOOP_ANALYSIS = YES;
				CLANG_WARN_STRICT_PROTOTYPES = YES;
				CLANG_WARN_SUSPICIOUS_MOVE = YES;
				CLANG_WARN_UNGUARDED_AVAILABILITY = YES_AGGRESSIVE;
				CLANG_WARN_UNREACHABLE_CODE = YES;
				CLANG_WARN__DUPLICATE_METHOD_MATCH = YES;
				COPY_PHASE_STRIP = NO;
				DEBUG_INFORMATION_FORMAT = dwarf;
				ENABLE_STRICT_OBJC_MSGSEND = YES;
				ENABLE_TESTABILITY = YES;
				GCC_C_LANGUAGE_STANDARD = gnu11;
				GCC_DYNAMIC_NO_PIC = NO;
				GCC_NO_COMMON_BLOCKS = YES;
				GCC_OPTIMIZATION_LEVEL = 0;
				GCC_PREPROCESSOR_DEFINITIONS = (
					"DEBUG=1",
					"$(inherited)",
				);
				GCC_WARN_64_TO_32_BIT_CONVERSION = YES;
				GCC_WARN_ABOUT_RETURN_TYPE = YES_ERROR;
				GCC_WARN_UNDECLARED_SELECTOR = YES;
				GCC_WARN_UNINITIALIZED_AUTOS = YES_AGGRESSIVE;
				GCC_WARN_UNUSED_FUNCTION = YES;
				GCC_WARN_UNUSED_VARIABLE = YES;
				IPHONEOS_DEPLOYMENT_TARGET = 16.4;
				MTL_ENABLE_DEBUG_INFO = INCLUDE_SOURCE;
				MTL_FAST_MATH = YES;
				ONLY_ACTIVE_ARCH = YES;
				SDKROOT = iphoneos;
				SWIFT_ACTIVE_COMPILATION_CONDITIONS = DEBUG;
				SWIFT_OPTIMIZATION_LEVEL = "-Onone";
			};
			name = Debug;
		};
		BE1EEFAA2A22212F006898FC /* Release */ = {
			isa = XCBuildConfiguration;
			buildSettings = {
				ALWAYS_SEARCH_USER_PATHS = NO;
				CLANG_ANALYZER_NONNULL = YES;
				CLANG_ANALYZER_NUMBER_OBJECT_CONVERSION = YES_AGGRESSIVE;
				CLANG_CXX_LANGUAGE_STANDARD = "gnu++20";
				CLANG_ENABLE_MODULES = YES;
				CLANG_ENABLE_OBJC_ARC = YES;
				CLANG_ENABLE_OBJC_WEAK = YES;
				CLANG_WARN_BLOCK_CAPTURE_AUTORELEASING = YES;
				CLANG_WARN_BOOL_CONVERSION = YES;
				CLANG_WARN_COMMA = YES;
				CLANG_WARN_CONSTANT_CONVERSION = YES;
				CLANG_WARN_DEPRECATED_OBJC_IMPLEMENTATIONS = YES;
				CLANG_WARN_DIRECT_OBJC_ISA_USAGE = YES_ERROR;
				CLANG_WARN_DOCUMENTATION_COMMENTS = YES;
				CLANG_WARN_EMPTY_BODY = YES;
				CLANG_WARN_ENUM_CONVERSION = YES;
				CLANG_WARN_INFINITE_RECURSION = YES;
				CLANG_WARN_INT_CONVERSION = YES;
				CLANG_WARN_NON_LITERAL_NULL_CONVERSION = YES;
				CLANG_WARN_OBJC_IMPLICIT_RETAIN_SELF = YES;
				CLANG_WARN_OBJC_LITERAL_CONVERSION = YES;
				CLANG_WARN_OBJC_ROOT_CLASS = YES_ERROR;
				CLANG_WARN_QUOTED_INCLUDE_IN_FRAMEWORK_HEADER = YES;
				CLANG_WARN_RANGE_LOOP_ANALYSIS = YES;
				CLANG_WARN_STRICT_PROTOTYPES = YES;
				CLANG_WARN_SUSPICIOUS_MOVE = YES;
				CLANG_WARN_UNGUARDED_AVAILABILITY = YES_AGGRESSIVE;
				CLANG_WARN_UNREACHABLE_CODE = YES;
				CLANG_WARN__DUPLICATE_METHOD_MATCH = YES;
				COPY_PHASE_STRIP = NO;
				DEBUG_INFORMATION_FORMAT = "dwarf-with-dsym";
				ENABLE_NS_ASSERTIONS = NO;
				ENABLE_STRICT_OBJC_MSGSEND = YES;
				GCC_C_LANGUAGE_STANDARD = gnu11;
				GCC_NO_COMMON_BLOCKS = YES;
				GCC_WARN_64_TO_32_BIT_CONVERSION = YES;
				GCC_WARN_ABOUT_RETURN_TYPE = YES_ERROR;
				GCC_WARN_UNDECLARED_SELECTOR = YES;
				GCC_WARN_UNINITIALIZED_AUTOS = YES_AGGRESSIVE;
				GCC_WARN_UNUSED_FUNCTION = YES;
				GCC_WARN_UNUSED_VARIABLE = YES;
				IPHONEOS_DEPLOYMENT_TARGET = 16.4;
				MTL_ENABLE_DEBUG_INFO = NO;
				MTL_FAST_MATH = YES;
				SDKROOT = iphoneos;
				SWIFT_COMPILATION_MODE = wholemodule;
				SWIFT_OPTIMIZATION_LEVEL = "-O";
				VALIDATE_PRODUCT = YES;
			};
			name = Release;
		};
		BE1EEFAC2A22212F006898FC /* Debug */ = {
			isa = XCBuildConfiguration;
			buildSettings = {
				ASSETCATALOG_COMPILER_APPICON_NAME = AppIcon;
				ASSETCATALOG_COMPILER_GLOBAL_ACCENT_COLOR_NAME = AccentColor;
				CODE_SIGN_STYLE = Automatic;
				CURRENT_PROJECT_VERSION = 1;
				DEVELOPMENT_ASSET_PATHS = "\"beacon/Preview Content\"";
				DEVELOPMENT_TEAM = DA98PCDWK5;
				ENABLE_PREVIEWS = YES;
				GENERATE_INFOPLIST_FILE = YES;
				INFOPLIST_KEY_NSLocationWhenInUseUsageDescription = "We want to scan beacon";
				INFOPLIST_KEY_UIApplicationSceneManifest_Generation = YES;
				INFOPLIST_KEY_UIApplicationSupportsIndirectInputEvents = YES;
				INFOPLIST_KEY_UILaunchScreen_Generation = YES;
				INFOPLIST_KEY_UISupportedInterfaceOrientations_iPad = "UIInterfaceOrientationPortrait UIInterfaceOrientationPortraitUpsideDown UIInterfaceOrientationLandscapeLeft UIInterfaceOrientationLandscapeRight";
				INFOPLIST_KEY_UISupportedInterfaceOrientations_iPhone = "UIInterfaceOrientationPortrait UIInterfaceOrientationLandscapeLeft UIInterfaceOrientationLandscapeRight";
				LD_RUNPATH_SEARCH_PATHS = (
					"$(inherited)",
					"@executable_path/Frameworks",
				);
				MARKETING_VERSION = 1.0;
				PRODUCT_BUNDLE_IDENTIFIER = Black.beacon;
				PRODUCT_NAME = "$(TARGET_NAME)";
				SWIFT_EMIT_LOC_STRINGS = YES;
				SWIFT_VERSION = 5.0;
				TARGETED_DEVICE_FAMILY = "1,2";
			};
			name = Debug;
		};
		BE1EEFAD2A22212F006898FC /* Release */ = {
			isa = XCBuildConfiguration;
			buildSettings = {
				ASSETCATALOG_COMPILER_APPICON_NAME = AppIcon;
				ASSETCATALOG_COMPILER_GLOBAL_ACCENT_COLOR_NAME = AccentColor;
				CODE_SIGN_STYLE = Automatic;
				CURRENT_PROJECT_VERSION = 1;
				DEVELOPMENT_ASSET_PATHS = "\"beacon/Preview Content\"";
				DEVELOPMENT_TEAM = DA98PCDWK5;
				ENABLE_PREVIEWS = YES;
				GENERATE_INFOPLIST_FILE = YES;
				INFOPLIST_KEY_NSLocationWhenInUseUsageDescription = "We want to scan beacon";
				INFOPLIST_KEY_UIApplicationSceneManifest_Generation = YES;
				INFOPLIST_KEY_UIApplicationSupportsIndirectInputEvents = YES;
				INFOPLIST_KEY_UILaunchScreen_Generation = YES;
				INFOPLIST_KEY_UISupportedInterfaceOrientations_iPad = "UIInterfaceOrientationPortrait UIInterfaceOrientationPortraitUpsideDown UIInterfaceOrientationLandscapeLeft UIInterfaceOrientationLandscapeRight";
				INFOPLIST_KEY_UISupportedInterfaceOrientations_iPhone = "UIInterfaceOrientationPortrait UIInterfaceOrientationLandscapeLeft UIInterfaceOrientationLandscapeRight";
				LD_RUNPATH_SEARCH_PATHS = (
					"$(inherited)",
					"@executable_path/Frameworks",
				);
				MARKETING_VERSION = 1.0;
				PRODUCT_BUNDLE_IDENTIFIER = Black.beacon;
				PRODUCT_NAME = "$(TARGET_NAME)";
				SWIFT_EMIT_LOC_STRINGS = YES;
				SWIFT_VERSION = 5.0;
				TARGETED_DEVICE_FAMILY = "1,2";
			};
			name = Release;
		};
		BE1EEFAF2A22212F006898FC /* Debug */ = {
			isa = XCBuildConfiguration;
			buildSettings = {
				ALWAYS_EMBED_SWIFT_STANDARD_LIBRARIES = YES;
				BUNDLE_LOADER = "$(TEST_HOST)";
				CODE_SIGN_STYLE = Automatic;
				CURRENT_PROJECT_VERSION = 1;
				GENERATE_INFOPLIST_FILE = YES;
				IPHONEOS_DEPLOYMENT_TARGET = 16.4;
				MARKETING_VERSION = 1.0;
				PRODUCT_BUNDLE_IDENTIFIER = Black.beaconTests;
				PRODUCT_NAME = "$(TARGET_NAME)";
				SWIFT_EMIT_LOC_STRINGS = NO;
				SWIFT_VERSION = 5.0;
				TARGETED_DEVICE_FAMILY = "1,2";
				TEST_HOST = "$(BUILT_PRODUCTS_DIR)/beacon.app/$(BUNDLE_EXECUTABLE_FOLDER_PATH)/beacon";
			};
			name = Debug;
		};
		BE1EEFB02A22212F006898FC /* Release */ = {
			isa = XCBuildConfiguration;
			buildSettings = {
				ALWAYS_EMBED_SWIFT_STANDARD_LIBRARIES = YES;
				BUNDLE_LOADER = "$(TEST_HOST)";
				CODE_SIGN_STYLE = Automatic;
				CURRENT_PROJECT_VERSION = 1;
				GENERATE_INFOPLIST_FILE = YES;
				IPHONEOS_DEPLOYMENT_TARGET = 16.4;
				MARKETING_VERSION = 1.0;
				PRODUCT_BUNDLE_IDENTIFIER = Black.beaconTests;
				PRODUCT_NAME = "$(TARGET_NAME)";
				SWIFT_EMIT_LOC_STRINGS = NO;
				SWIFT_VERSION = 5.0;
				TARGETED_DEVICE_FAMILY = "1,2";
				TEST_HOST = "$(BUILT_PRODUCTS_DIR)/beacon.app/$(BUNDLE_EXECUTABLE_FOLDER_PATH)/beacon";
			};
			name = Release;
		};
		BE1EEFB22A22212F006898FC /* Debug */ = {
			isa = XCBuildConfiguration;
			buildSettings = {
				ALWAYS_EMBED_SWIFT_STANDARD_LIBRARIES = YES;
				CODE_SIGN_STYLE = Automatic;
				CURRENT_PROJECT_VERSION = 1;
				GENERATE_INFOPLIST_FILE = YES;
				MARKETING_VERSION = 1.0;
				PRODUCT_BUNDLE_IDENTIFIER = Black.beaconUITests;
				PRODUCT_NAME = "$(TARGET_NAME)";
				SWIFT_EMIT_LOC_STRINGS = NO;
				SWIFT_VERSION = 5.0;
				TARGETED_DEVICE_FAMILY = "1,2";
				TEST_TARGET_NAME = beacon;
			};
			name = Debug;
		};
		BE1EEFB32A22212F006898FC /* Release */ = {
			isa = XCBuildConfiguration;
			buildSettings = {
				ALWAYS_EMBED_SWIFT_STANDARD_LIBRARIES = YES;
				CODE_SIGN_STYLE = Automatic;
				CURRENT_PROJECT_VERSION = 1;
				GENERATE_INFOPLIST_FILE = YES;
				MARKETING_VERSION = 1.0;
				PRODUCT_BUNDLE_IDENTIFIER = Black.beaconUITests;
				PRODUCT_NAME = "$(TARGET_NAME)";
				SWIFT_EMIT_LOC_STRINGS = NO;
				SWIFT_VERSION = 5.0;
				TARGETED_DEVICE_FAMILY = "1,2";
				TEST_TARGET_NAME = beacon;
			};
			name = Release;
		};
/* End XCBuildConfiguration section */

/* Begin XCConfigurationList section */
		BE1EEF822A22212E006898FC /* Build configuration list for PBXProject "beacon" */ = {
			isa = XCConfigurationList;
			buildConfigurations = (
				BE1EEFA92A22212F006898FC /* Debug */,
				BE1EEFAA2A22212F006898FC /* Release */,
			);
			defaultConfigurationIsVisible = 0;
			defaultConfigurationName = Release;
		};
		BE1EEFAB2A22212F006898FC /* Build configuration list for PBXNativeTarget "beacon" */ = {
			isa = XCConfigurationList;
			buildConfigurations = (
				BE1EEFAC2A22212F006898FC /* Debug */,
				BE1EEFAD2A22212F006898FC /* Release */,
			);
			defaultConfigurationIsVisible = 0;
			defaultConfigurationName = Release;
		};
		BE1EEFAE2A22212F006898FC /* Build configuration list for PBXNativeTarget "beaconTests" */ = {
			isa = XCConfigurationList;
			buildConfigurations = (
				BE1EEFAF2A22212F006898FC /* Debug */,
				BE1EEFB02A22212F006898FC /* Release */,
			);
			defaultConfigurationIsVisible = 0;
			defaultConfigurationName = Release;
		};
		BE1EEFB12A22212F006898FC /* Build configuration list for PBXNativeTarget "beaconUITests" */ = {
			isa = XCConfigurationList;
			buildConfigurations = (
				BE1EEFB22A22212F006898FC /* Debug */,
				BE1EEFB32A22212F006898FC /* Release */,
			);
			defaultConfigurationIsVisible = 0;
			defaultConfigurationName = Release;
		};
/* End XCConfigurationList section */
	};
	rootObject = BE1EEF7F2A22212E006898FC /* Project object */;
}
